{
  "name": "x-charts",
  "version": "0.0.3-0",
  "lockfileVersion": 1,
  "requires": true,
  "dependencies": {
    "echarts": {
      "version": "4.4.0",
      "resolved": "https://registry.npmjs.org/echarts/-/echarts-4.4.0.tgz",
      "integrity": "sha512-zJD1YaONA2Ib6rKCpkU9rT/K+OFJ/F0/3Mj5FamGLXytBV5g36gsQGv8sYL7fVs/BFj/sn3wemyctlgIHMCA5w==",
      "requires": {
        "zrender": "4.1.1"
      }
    },
    "zrender": {
      "version": "4.1.1",
      "resolved": "https://registry.npmjs.org/zrender/-/zrender-4.1.1.tgz",
      "integrity": "sha512-epy1rl82dP/JKxhZl+JRfwcZjobKOoynxBzvBZJBPjmDMAxBE4grLjDryx8BHkHlKyWsUkis4XEL2wN61w5l4w=="
    }
  }
}
